
Microsoft Visual Studio Solution File, Format Version 12.00
# Visual Studio Version 17
VisualStudioVersion = 17.4.33205.214
MinimumVisualStudioVersion = 10.0.40219.1
Project("{9A19103F-16F7-4668-BE54-9A1E7A4F7556}") = "AprendendoMVC", "AprendendoMVC.csproj", "{DA6D3778-80D7-406C-9D5D-0AF867550EE0}"
EndProject
Project("{2150E333-8FDC-42A3-9474-1A3956D46DE8}") = "UI", "UI", "{C01CFAB4-CD3B-42A0-9B37-93E8701A5BCF}"
EndProject
Project("{2150E333-8FDC-42A3-9474-1A3956D46DE8}") = "Application", "Application", "{BC84C453-1F01-4040-A505-E9E1D2100EDE}"
EndProject
Project("{2150E333-8FDC-42A3-9474-1A3956D46DE8}") = "Data", "Data", "{65126676-8AB3-4521-A6B2-737B21BC825C}"
EndProject
Project("{FAE04EC0-301F-11D3-BF4B-00C04F79EFBC}") = "API", "..\API\API.csproj", "{BF65F570-80AE-4120-89A2-65B0F46C72F7}"
EndProject
Project("{FAE04EC0-301F-11D3-BF4B-00C04F79EFBC}") = "Repository", "..\Repository\Repository.csproj", "{6984B069-B20F-4B67-8AE1-9BE6CDFF9A4A}"
EndProject
Project("{FAE04EC0-301F-11D3-BF4B-00C04F79EFBC}") = "Common", "..\Common\Common.csproj", "{E71684D9-5830-4421-B2F6-BC3719A93A14}"
EndProject
Global
	GlobalSection(SolutionConfigurationPlatforms) = preSolution
		Debug|Any CPU = Debug|Any CPU
		Release|Any CPU = Release|Any CPU
	EndGlobalSection
	GlobalSection(ProjectConfigurationPlatforms) = postSolution
		{DA6D3778-80D7-406C-9D5D-0AF867550EE0}.Debug|Any CPU.ActiveCfg = Debug|Any CPU
		{DA6D3778-80D7-406C-9D5D-0AF867550EE0}.Debug|Any CPU.Build.0 = Debug|Any CPU
		{DA6D3778-80D7-406C-9D5D-0AF867550EE0}.Release|Any CPU.ActiveCfg = Release|Any CPU
		{DA6D3778-80D7-406C-9D5D-0AF867550EE0}.Release|Any CPU.Build.0 = Release|Any CPU
		{BF65F570-80AE-4120-89A2-65B0F46C72F7}.Debug|Any CPU.ActiveCfg = Debug|Any CPU
		{BF65F570-80AE-4120-89A2-65B0F46C72F7}.Debug|Any CPU.Build.0 = Debug|Any CPU
		{BF65F570-80AE-4120-89A2-65B0F46C72F7}.Release|Any CPU.ActiveCfg = Release|Any CPU
		{BF65F570-80AE-4120-89A2-65B0F46C72F7}.Release|Any CPU.Build.0 = Release|Any CPU
		{6984B069-B20F-4B67-8AE1-9BE6CDFF9A4A}.Debug|Any CPU.ActiveCfg = Debug|Any CPU
		{6984B069-B20F-4B67-8AE1-9BE6CDFF9A4A}.Debug|Any CPU.Build.0 = Debug|Any CPU
		{6984B069-B20F-4B67-8AE1-9BE6CDFF9A4A}.Release|Any CPU.ActiveCfg = Release|Any CPU
		{6984B069-B20F-4B67-8AE1-9BE6CDFF9A4A}.Release|Any CPU.Build.0 = Release|Any CPU
		{E71684D9-5830-4421-B2F6-BC3719A93A14}.Debug|Any CPU.ActiveCfg = Debug|Any CPU
		{E71684D9-5830-4421-B2F6-BC3719A93A14}.Debug|Any CPU.Build.0 = Debug|Any CPU
		{E71684D9-5830-4421-B2F6-BC3719A93A14}.Release|Any CPU.ActiveCfg = Release|Any CPU
		{E71684D9-5830-4421-B2F6-BC3719A93A14}.Release|Any CPU.Build.0 = Release|Any CPU
	EndGlobalSection
	GlobalSection(SolutionProperties) = preSolution
		HideSolutionNode = FALSE
	EndGlobalSection
	GlobalSection(NestedProjects) = preSolution
		{DA6D3778-80D7-406C-9D5D-0AF867550EE0} = {C01CFAB4-CD3B-42A0-9B37-93E8701A5BCF}
		{BF65F570-80AE-4120-89A2-65B0F46C72F7} = {BC84C453-1F01-4040-A505-E9E1D2100EDE}
		{6984B069-B20F-4B67-8AE1-9BE6CDFF9A4A} = {65126676-8AB3-4521-A6B2-737B21BC825C}
		{E71684D9-5830-4421-B2F6-BC3719A93A14} = {BC84C453-1F01-4040-A505-E9E1D2100EDE}
	EndGlobalSection
	GlobalSection(ExtensibilityGlobals) = postSolution
		SolutionGuid = {2B41628F-7DEE-4E7E-9ED5-66287FA60C3F}
	EndGlobalSection
EndGlobal
